
Microsoft Visual Studio Solution File, Format Version 12.00
# Visual Studio Version 16
VisualStudioVersion = 16.0.29509.3
MinimumVisualStudioVersion = 10.0.40219.1
Project("{FAE04EC0-301F-11D3-BF4B-00C04F79EFBC}") = "UnitTestProject", "UnitTestProject.csproj", "{927CC4DC-0324-47D8-997A-CE0893A5E508}"
EndProject
Global
	GlobalSection(SolutionConfigurationPlatforms) = preSolution
		Debug|Any CPU = Debug|Any CPU
		Release|Any CPU = Release|Any CPU
	EndGlobalSection
	GlobalSection(ProjectConfigurationPlatforms) = postSolution
		{927CC4DC-0324-47D8-997A-CE0893A5E508}.Debug|Any CPU.ActiveCfg = Debug|Any CPU
		{927CC4DC-0324-47D8-997A-CE0893A5E508}.Debug|Any CPU.Build.0 = Debug|Any CPU
		{927CC4DC-0324-47D8-997A-CE0893A5E508}.Release|Any CPU.ActiveCfg = Release|Any CPU
		{927CC4DC-0324-47D8-997A-CE0893A5E508}.Release|Any CPU.Build.0 = Release|Any CPU
	EndGlobalSection
	GlobalSection(SolutionProperties) = preSolution
		HideSolutionNode = FALSE
	EndGlobalSection
	GlobalSection(ExtensibilityGlobals) = postSolution
		SolutionGuid = {44DE39DB-643C-466C-890C-65A9BFEA101C}
	EndGlobalSection
EndGlobal
